
Microsoft Visual Studio Solution File, Format Version 12.00
# Visual Studio Version 17
VisualStudioVersion = 17.2.32630.192
MinimumVisualStudioVersion = 10.0.40219.1
Project("{FAE04EC0-301F-11D3-BF4B-00C04F79EFBC}") = "SistemaBibliotecaSisInf", "SistemaBibliotecaSisInf\SistemaBibliotecaSisInf.csproj", "{09F1A252-2745-4C7C-9885-94BDFDF2AECE}"
EndProject
Global
	GlobalSection(SolutionConfigurationPlatforms) = preSolution
		Debug|Any CPU = Debug|Any CPU
		Release|Any CPU = Release|Any CPU
	EndGlobalSection
	GlobalSection(ProjectConfigurationPlatforms) = postSolution
		{09F1A252-2745-4C7C-9885-94BDFDF2AECE}.Debug|Any CPU.ActiveCfg = Debug|Any CPU
		{09F1A252-2745-4C7C-9885-94BDFDF2AECE}.Debug|Any CPU.Build.0 = Debug|Any CPU
		{09F1A252-2745-4C7C-9885-94BDFDF2AECE}.Release|Any CPU.ActiveCfg = Release|Any CPU
		{09F1A252-2745-4C7C-9885-94BDFDF2AECE}.Release|Any CPU.Build.0 = Release|Any CPU
	EndGlobalSection
	GlobalSection(SolutionProperties) = preSolution
		HideSolutionNode = FALSE
	EndGlobalSection
	GlobalSection(ExtensibilityGlobals) = postSolution
		SolutionGuid = {35B291CB-E505-4674-B708-73FDE09BCDE9}
	EndGlobalSection
EndGlobal
